{
  "version": 1,
  "dependencies": {
    "net6.0": {
      "Swashbuckle.AspNetCore": {
        "type": "Direct",
        "requested": "[6.3.1, )",
        "resolved": "6.3.1",
        "contentHash": "JFk0+HHUPdjYuPhkpGBMLi2JtnEuWkE2pp0yXQp64DmeMe+Fb0hZyVNq/ENJ2vQNso7Zg+C758WmR/xyAl36bA==",
        "dependencies": {
          "Microsoft.Extensions.ApiDescription.Server": "3.0.0",
          "Swashbuckle.AspNetCore.Swagger": "6.3.1",
          "Swashbuckle.AspNetCore.SwaggerGen": "6.3.1",
          "Swashbuckle.AspNetCore.SwaggerUI": "6.3.1"
        }
      },
      "Microsoft.Extensions.ApiDescription.Server": {
        "type": "Transitive",
        "resolved": "3.0.0",
        "contentHash": "LH4OE/76F6sOCslif7+Xh3fS/wUUrE5ryeXAMcoCnuwOQGT5Smw0p57IgDh/pHgHaGz/e+AmEQb7pRgb++wt0w=="
      },
      "Microsoft.OpenApi": {
        "type": "Transitive",
        "resolved": "1.2.3",
        "contentHash": "Nug3rO+7Kl5/SBAadzSMAVgqDlfGjJZ0GenQrLywJ84XGKO0uRqkunz5Wyl0SDwcR71bAATXvSdbdzPrYRYKGw=="
      },
      "Swashbuckle.AspNetCore.Swagger": {
        "type": "Transitive",
        "resolved": "6.3.1",
        "contentHash": "idAFh4xhyJHYHfdLVOOn+BmscBul1OQbWsnL6YPJE8tO/0y6S79hDCvs6OY5VI093/9+1pYY3j31Zet9yaDZjA==",
        "dependencies": {
          "Microsoft.OpenApi": "1.2.3"
        }
      },
      "Swashbuckle.AspNetCore.SwaggerGen": {
        "type": "Transitive",
        "resolved": "6.3.1",
        "contentHash": "+uoBV4h/6NhCPLoTofSmuOnZ+usu4PW1jP6l4OHwPyu2frbYXGNpJsHs5uUXXn929OiVQkT8wo3Lj/o+P99Ejg==",
        "dependencies": {
          "Swashbuckle.AspNetCore.Swagger": "6.3.1"
        }
      },
      "Swashbuckle.AspNetCore.SwaggerUI": {
        "type": "Transitive",
        "resolved": "6.3.1",
        "contentHash": "JLm9hN67jh7RHsX3H30+tb432Li8xm/qV5lRyMMkyHYMfWitIuKAAdrpo2ILcHOIeH7CLMuOO2hp/iLBmE+Bkw=="
      }
    }
  }
}